Microsoft Visual Studio Solution File, Format Version 12.00
# Visual Studio Version 17
VisualStudioVersion = 17.5.2.0
MinimumVisualStudioVersion = 10.0.40219.1
Project("{FAE04EC0-301F-11D3-BF4B-00C04F79EFBC}") = "RepositioryDemo.Api", "RepositioryDemo.Api.csproj", "{B0D58C70-FC9E-3A2E-86E1-B9D926E8DE9F}"
EndProject
Global
	GlobalSection(SolutionConfigurationPlatforms) = preSolution
		Debug|Any CPU = Debug|Any CPU
		Release|Any CPU = Release|Any CPU
	EndGlobalSection
	GlobalSection(ProjectConfigurationPlatforms) = postSolution
		{B0D58C70-FC9E-3A2E-86E1-B9D926E8DE9F}.Debug|Any CPU.ActiveCfg = Debug|Any CPU
		{B0D58C70-FC9E-3A2E-86E1-B9D926E8DE9F}.Debug|Any CPU.Build.0 = Debug|Any CPU
		{B0D58C70-FC9E-3A2E-86E1-B9D926E8DE9F}.Release|Any CPU.ActiveCfg = Release|Any CPU
		{B0D58C70-FC9E-3A2E-86E1-B9D926E8DE9F}.Release|Any CPU.Build.0 = Release|Any CPU
	EndGlobalSection
	GlobalSection(SolutionProperties) = preSolution
		HideSolutionNode = FALSE
	EndGlobalSection
	GlobalSection(ExtensibilityGlobals) = postSolution
		SolutionGuid = {AF0574A4-C57F-4952-A09D-7E3257D3B6A0}
	EndGlobalSection
EndGlobal
