
Microsoft Visual Studio Solution File, Format Version 12.00
# Visual Studio Version 17
VisualStudioVersion = 17.14.36408.4 d17.14
MinimumVisualStudioVersion = 10.0.40219.1
Project("{FAE04EC0-301F-11D3-BF4B-00C04F79EFBC}") = "MVC_Demo", "MVC_Demo.csproj", "{8AE703FB-0212-BBB3-88AF-9B917A731930}"
EndProject
Global
	GlobalSection(SolutionConfigurationPlatforms) = preSolution
		Debug|Any CPU = Debug|Any CPU
		Release|Any CPU = Release|Any CPU
	EndGlobalSection
	GlobalSection(ProjectConfigurationPlatforms) = postSolution
		{8AE703FB-0212-BBB3-88AF-9B917A731930}.Debug|Any CPU.ActiveCfg = Debug|Any CPU
		{8AE703FB-0212-BBB3-88AF-9B917A731930}.Debug|Any CPU.Build.0 = Debug|Any CPU
		{8AE703FB-0212-BBB3-88AF-9B917A731930}.Release|Any CPU.ActiveCfg = Release|Any CPU
		{8AE703FB-0212-BBB3-88AF-9B917A731930}.Release|Any CPU.Build.0 = Release|Any CPU
	EndGlobalSection
	GlobalSection(SolutionProperties) = preSolution
		HideSolutionNode = FALSE
	EndGlobalSection
	GlobalSection(ExtensibilityGlobals) = postSolution
		SolutionGuid = {CCFD6CFF-EECA-4727-AF76-53C450ACADD0}
	EndGlobalSection
EndGlobal
