Microsoft Visual Studio Solution File, Format Version 12.00
# Visual Studio Version 17
VisualStudioVersion = 17.5.2.0
MinimumVisualStudioVersion = 10.0.40219.1
Project("{FAE04EC0-301F-11D3-BF4B-00C04F79EFBC}") = "DesignPatternsAssignment", "DesignPatternsAssignment.csproj", "{F4C10BA5-BB3A-FAC5-75B5-C20C0BA84D1A}"
EndProject
Global
	GlobalSection(SolutionConfigurationPlatforms) = preSolution
		Debug|Any CPU = Debug|Any CPU
		Release|Any CPU = Release|Any CPU
	EndGlobalSection
	GlobalSection(ProjectConfigurationPlatforms) = postSolution
		{F4C10BA5-BB3A-FAC5-75B5-C20C0BA84D1A}.Debug|Any CPU.ActiveCfg = Debug|Any CPU
		{F4C10BA5-BB3A-FAC5-75B5-C20C0BA84D1A}.Debug|Any CPU.Build.0 = Debug|Any CPU
		{F4C10BA5-BB3A-FAC5-75B5-C20C0BA84D1A}.Release|Any CPU.ActiveCfg = Release|Any CPU
		{F4C10BA5-BB3A-FAC5-75B5-C20C0BA84D1A}.Release|Any CPU.Build.0 = Release|Any CPU
	EndGlobalSection
	GlobalSection(SolutionProperties) = preSolution
		HideSolutionNode = FALSE
	EndGlobalSection
	GlobalSection(ExtensibilityGlobals) = postSolution
		SolutionGuid = {7563ABDE-1FFA-4D40-845A-3E56D25C0133}
	EndGlobalSection
EndGlobal
