
Microsoft Visual Studio Solution File, Format Version 12.00
# Visual Studio Version 17
VisualStudioVersion = 17.14.36310.24 d17.14
MinimumVisualStudioVersion = 10.0.40219.1
Project("{FAE04EC0-301F-11D3-BF4B-00C04F79EFBC}") = "SOLID_PRINCIPLES", "SRP\SOLID_PRINCIPLES.csproj", "{1073C5C8-B111-4C28-8EAE-5CE82821C529}"
EndProject
Global
	GlobalSection(SolutionConfigurationPlatforms) = preSolution
		Debug|Any CPU = Debug|Any CPU
		Release|Any CPU = Release|Any CPU
	EndGlobalSection
	GlobalSection(ProjectConfigurationPlatforms) = postSolution
		{1073C5C8-B111-4C28-8EAE-5CE82821C529}.Debug|Any CPU.ActiveCfg = Debug|Any CPU
		{1073C5C8-B111-4C28-8EAE-5CE82821C529}.Debug|Any CPU.Build.0 = Debug|Any CPU
		{1073C5C8-B111-4C28-8EAE-5CE82821C529}.Release|Any CPU.ActiveCfg = Release|Any CPU
		{1073C5C8-B111-4C28-8EAE-5CE82821C529}.Release|Any CPU.Build.0 = Release|Any CPU
	EndGlobalSection
	GlobalSection(SolutionProperties) = preSolution
		HideSolutionNode = FALSE
	EndGlobalSection
	GlobalSection(ExtensibilityGlobals) = postSolution
		SolutionGuid = {06900094-C389-4DE4-B828-673D9F24B003}
	EndGlobalSection
EndGlobal
